
Microsoft Visual Studio Solution File, Format Version 12.00
# Visual Studio Version 16
VisualStudioVersion = 16.0.30413.136
MinimumVisualStudioVersion = 10.0.40219.1
Project("{FAE04EC0-301F-11D3-BF4B-00C04F79EFBC}") = "Task2DI03", "Task2DI03\Task2DI03.csproj", "{07F10E2C-ECA7-422D-A99B-181EA6FD2DB7}"
EndProject
Project("{FAE04EC0-301F-11D3-BF4B-00C04F79EFBC}") = "productLibrary", "productLibrary\productLibrary\productLibrary.csproj", "{390E08B4-ED16-41E3-A3DB-F6852E2D90FA}"
EndProject
Global
	GlobalSection(SolutionConfigurationPlatforms) = preSolution
		Debug|Any CPU = Debug|Any CPU
		Release|Any CPU = Release|Any CPU
	EndGlobalSection
	GlobalSection(ProjectConfigurationPlatforms) = postSolution
		{07F10E2C-ECA7-422D-A99B-181EA6FD2DB7}.Debug|Any CPU.ActiveCfg = Debug|Any CPU
		{07F10E2C-ECA7-422D-A99B-181EA6FD2DB7}.Debug|Any CPU.Build.0 = Debug|Any CPU
		{07F10E2C-ECA7-422D-A99B-181EA6FD2DB7}.Release|Any CPU.ActiveCfg = Release|Any CPU
		{07F10E2C-ECA7-422D-A99B-181EA6FD2DB7}.Release|Any CPU.Build.0 = Release|Any CPU
		{390E08B4-ED16-41E3-A3DB-F6852E2D90FA}.Debug|Any CPU.ActiveCfg = Debug|Any CPU
		{390E08B4-ED16-41E3-A3DB-F6852E2D90FA}.Debug|Any CPU.Build.0 = Debug|Any CPU
		{390E08B4-ED16-41E3-A3DB-F6852E2D90FA}.Release|Any CPU.ActiveCfg = Release|Any CPU
		{390E08B4-ED16-41E3-A3DB-F6852E2D90FA}.Release|Any CPU.Build.0 = Release|Any CPU
	EndGlobalSection
	GlobalSection(SolutionProperties) = preSolution
		HideSolutionNode = FALSE
	EndGlobalSection
	GlobalSection(ExtensibilityGlobals) = postSolution
		SolutionGuid = {152DEE88-760B-42C0-9BE1-F99989B25AE9}
	EndGlobalSection
EndGlobal
